<Solution>
  <Project Path="Dhazel.Utilities.Revertibles.Mvvm.Tests/Dhazel.Utilities.Revertibles.Mvvm.Tests.csproj" />
  <Project Path="Dhazel.Utilities.Revertibles.Mvvm/Dhazel.Utilities.Revertibles.Mvvm.csproj" />
  <Project Path="Dhazel.Utilities.Revertibles.Tests/Dhazel.Utilities.Revertibles.Tests.csproj" />
  <Project Path="Dhazel.Utilities.Revertibles/Dhazel.Utilities.Revertibles.csproj" />
  <Project Path="Dhazel.Utilities.TestHelpers/Dhazel.Utilities.TestHelpers.csproj" />
</Solution>

