<Solution>
  <Project Path="Dhazel.Utilities.Mvvm.Tests/Dhazel.Utilities.Mvvm.Tests.csproj" />
  <Project Path="Dhazel.Utilities.Mvvm/Dhazel.Utilities.Mvvm.csproj" />
  <Project Path="Dhazel.Utilities.Revertibles.Tests/Dhazel.Utilities.Revertibles.Tests.csproj" />
  <Project Path="Dhazel.Utilities.Revertibles/Dhazel.Utilities.Revertibles.csproj" />
</Solution>
